{
  "name": "Meal-Tiger-Frontend",
  "lockfileVersion": 2,
  "requires": true,
  "packages": {
    "": {
      "dependencies": {
        "material-symbols": "^0.2.13"
      }
    },
    "node_modules/material-symbols": {
      "version": "0.2.13",
      "resolved": "https://registry.npmjs.org/material-symbols/-/material-symbols-0.2.13.tgz",
      "integrity": "sha512-LXjtSE8a8vxl8pjh1GPpqadxyiHwoHaaK3Uj8pdYsZn0O08AhesMsmHAIEkxXgZpMlxd+D4jRr/DUREgTZqvAg=="
    }
  },
  "dependencies": {
    "material-symbols": {
      "version": "0.2.13",
      "resolved": "https://registry.npmjs.org/material-symbols/-/material-symbols-0.2.13.tgz",
      "integrity": "sha512-LXjtSE8a8vxl8pjh1GPpqadxyiHwoHaaK3Uj8pdYsZn0O08AhesMsmHAIEkxXgZpMlxd+D4jRr/DUREgTZqvAg=="
    }
  }
}
